// !$*UTF8*$!
{
	archiveVersion = 1;
	classes = {
	};
	objectVersion = 46;
	objects = {

/* Begin PBXBuildFile section */
		2C08A8351BB931B60077FE53 /* LewPopupVCTL.m in Sources */ = {isa = PBXBuildFile; fileRef = 2C08A8331BB931B60077FE53 /* LewPopupVCTL.m */; settings = {ASSET_TAGS = (); }; };
		2C08A8361BB931B60077FE53 /* LewPopupVCTL.xib in Resources */ = {isa = PBXBuildFile; fileRef = 2C08A8341BB931B60077FE53 /* LewPopupVCTL.xib */; settings = {ASSET_TAGS = (); }; };
		2C08A8391BB931C60077FE53 /* LewView1.m in Sources */ = {isa = PBXBuildFile; fileRef = 2C08A8381BB931C60077FE53 /* LewView1.m */; settings = {ASSET_TAGS = (); }; };
		2C08A83C1BB933480077FE53 /* LewView2.m in Sources */ = {isa = PBXBuildFile; fileRef = 2C08A83B1BB933480077FE53 /* LewView2.m */; settings = {ASSET_TAGS = (); }; };
		2C08A83E1BB933590077FE53 /* LewView2.xib in Resources */ = {isa = PBXBuildFile; fileRef = 2C08A83D1BB933590077FE53 /* LewView2.xib */; settings = {ASSET_TAGS = (); }; };
		2C08A8661BB939A80077FE53 /* LewPopupBackgroundView.m in Sources */ = {isa = PBXBuildFile; fileRef = 2C08A85A1BB939A80077FE53 /* LewPopupBackgroundView.m */; settings = {ASSET_TAGS = (); }; };
		2C08A8671BB939A80077FE53 /* LewPopupViewAnimationDrop.m in Sources */ = {isa = PBXBuildFile; fileRef = 2C08A85C1BB939A80077FE53 /* LewPopupViewAnimationDrop.m */; settings = {ASSET_TAGS = (); }; };
		2C08A8681BB939A80077FE53 /* LewPopupViewAnimationFade.m in Sources */ = {isa = PBXBuildFile; fileRef = 2C08A85E1BB939A80077FE53 /* LewPopupViewAnimationFade.m */; settings = {ASSET_TAGS = (); }; };
		2C08A8691BB939A80077FE53 /* LewPopupViewAnimationSlide.m in Sources */ = {isa = PBXBuildFile; fileRef = 2C08A8601BB939A80077FE53 /* LewPopupViewAnimationSlide.m */; settings = {ASSET_TAGS = (); }; };
		2C08A86A1BB939A80077FE53 /* LewPopupViewAnimationSpring.m in Sources */ = {isa = PBXBuildFile; fileRef = 2C08A8621BB939A80077FE53 /* LewPopupViewAnimationSpring.m */; settings = {ASSET_TAGS = (); }; };
		2C08A86B1BB939A80077FE53 /* UIViewController+LewPopupViewController.m in Sources */ = {isa = PBXBuildFile; fileRef = 2C08A8651BB939A80077FE53 /* UIViewController+LewPopupViewController.m */; settings = {ASSET_TAGS = (); }; };
		2C3A83BB1BB8C88400A335B5 /* StackViewVCTL.m in Sources */ = {isa = PBXBuildFile; fileRef = 2C3A83B91BB8C88400A335B5 /* StackViewVCTL.m */; settings = {ASSET_TAGS = (); }; };
		2C3A83BC1BB8C88400A335B5 /* StackViewVCTL.xib in Resources */ = {isa = PBXBuildFile; fileRef = 2C3A83BA1BB8C88400A335B5 /* StackViewVCTL.xib */; settings = {ASSET_TAGS = (); }; };
		2C3A83C21BB8CB2000A335B5 /* sgs1.jpg in Resources */ = {isa = PBXBuildFile; fileRef = 2C3A83BE1BB8CB2000A335B5 /* sgs1.jpg */; settings = {ASSET_TAGS = (); }; };
		2C3A83C31BB8CB2000A335B5 /* sgs2.jpg in Resources */ = {isa = PBXBuildFile; fileRef = 2C3A83BF1BB8CB2000A335B5 /* sgs2.jpg */; settings = {ASSET_TAGS = (); }; };
		2C3A83C41BB8CB2000A335B5 /* sgs3.jpg in Resources */ = {isa = PBXBuildFile; fileRef = 2C3A83C01BB8CB2000A335B5 /* sgs3.jpg */; settings = {ASSET_TAGS = (); }; };
		2C3A83C51BB8CB2000A335B5 /* sgs4.jpg in Resources */ = {isa = PBXBuildFile; fileRef = 2C3A83C11BB8CB2000A335B5 /* sgs4.jpg */; settings = {ASSET_TAGS = (); }; };
		2C3A83D61BB8EA4C00A335B5 /* MGSwipeCellVCTL.m in Sources */ = {isa = PBXBuildFile; fileRef = 2C3A83D41BB8EA4C00A335B5 /* MGSwipeCellVCTL.m */; settings = {ASSET_TAGS = (); }; };
		2C3A83D71BB8EA4C00A335B5 /* MGSwipeCellVCTL.xib in Resources */ = {isa = PBXBuildFile; fileRef = 2C3A83D51BB8EA4C00A335B5 /* MGSwipeCellVCTL.xib */; settings = {ASSET_TAGS = (); }; };
		2C3A83E61BB8EA8700A335B5 /* MGSwipeButton.m in Sources */ = {isa = PBXBuildFile; fileRef = 2C3A83E31BB8EA8700A335B5 /* MGSwipeButton.m */; settings = {ASSET_TAGS = (); }; };
		2C3A83E71BB8EA8700A335B5 /* MGSwipeTableCell.m in Sources */ = {isa = PBXBuildFile; fileRef = 2C3A83E51BB8EA8700A335B5 /* MGSwipeTableCell.m */; settings = {ASSET_TAGS = (); }; };
		2C3A83EA1BB8EAED00A335B5 /* MyMGCell.m in Sources */ = {isa = PBXBuildFile; fileRef = 2C3A83E91BB8EAED00A335B5 /* MyMGCell.m */; settings = {ASSET_TAGS = (); }; };
		2C65D7351BB3A32400D22F29 /* MathProblem1VCTL.m in Sources */ = {isa = PBXBuildFile; fileRef = 2C65D7331BB3A32300D22F29 /* MathProblem1VCTL.m */; settings = {ASSET_TAGS = (); }; };
		2C65D7361BB3A32400D22F29 /* MathProblem1VCTL.xib in Resources */ = {isa = PBXBuildFile; fileRef = 2C65D7341BB3A32300D22F29 /* MathProblem1VCTL.xib */; settings = {ASSET_TAGS = (); }; };
		2C65D73C1BB3A35D00D22F29 /* icon0副本 2.png in Resources */ = {isa = PBXBuildFile; fileRef = 2C65D7391BB3A35D00D22F29 /* icon0副本 2.png */; settings = {ASSET_TAGS = (); }; };
		2C65D73D1BB3A35D00D22F29 /* icon29.png in Resources */ = {isa = PBXBuildFile; fileRef = 2C65D73A1BB3A35D00D22F29 /* icon29.png */; settings = {ASSET_TAGS = (); }; };
		2C65D73E1BB3A35D00D22F29 /* icon58.png in Resources */ = {isa = PBXBuildFile; fileRef = 2C65D73B1BB3A35D00D22F29 /* icon58.png */; settings = {ASSET_TAGS = (); }; };
		2C65D7411BB3A38500D22F29 /* mp1.jpg in Resources */ = {isa = PBXBuildFile; fileRef = 2C65D7401BB3A38500D22F29 /* mp1.jpg */; settings = {ASSET_TAGS = (); }; };
		2C8BAB591BC7C00A000FD2DF /* Touch3DVCTL.m in Sources */ = {isa = PBXBuildFile; fileRef = 2C8BAB571BC7C00A000FD2DF /* Touch3DVCTL.m */; settings = {ASSET_TAGS = (); }; };
		2C8BAB5A1BC7C00A000FD2DF /* Touch3DVCTL.xib in Resources */ = {isa = PBXBuildFile; fileRef = 2C8BAB581BC7C00A000FD2DF /* Touch3DVCTL.xib */; settings = {ASSET_TAGS = (); }; };
		2C8BAB5E1BC7CF45000FD2DF /* Touch3D1VCTL.m in Sources */ = {isa = PBXBuildFile; fileRef = 2C8BAB5C1BC7CF45000FD2DF /* Touch3D1VCTL.m */; settings = {ASSET_TAGS = (); }; };
		2C8BAB5F1BC7CF45000FD2DF /* Touch3D1VCTL.xib in Resources */ = {isa = PBXBuildFile; fileRef = 2C8BAB5D1BC7CF45000FD2DF /* Touch3D1VCTL.xib */; settings = {ASSET_TAGS = (); }; };
		2C8BAB611BC7D593000FD2DF /* AudioToolbox.framework in Frameworks */ = {isa = PBXBuildFile; fileRef = 2C8BAB601BC7D593000FD2DF /* AudioToolbox.framework */; };
		2C8BAB651BC7DF90000FD2DF /* Touch3d1DetailVCTL.m in Sources */ = {isa = PBXBuildFile; fileRef = 2C8BAB631BC7DF90000FD2DF /* Touch3d1DetailVCTL.m */; settings = {ASSET_TAGS = (); }; };
		2C8BAB661BC7DF90000FD2DF /* Touch3d1DetailVCTL.xib in Resources */ = {isa = PBXBuildFile; fileRef = 2C8BAB641BC7DF90000FD2DF /* Touch3d1DetailVCTL.xib */; settings = {ASSET_TAGS = (); }; };
		2CA1128C1BB29E4A00406685 /* main.m in Sources */ = {isa = PBXBuildFile; fileRef = 2CA1128B1BB29E4A00406685 /* main.m */; };
		2CA1128F1BB29E4A00406685 /* AppDelegate.m in Sources */ = {isa = PBXBuildFile; fileRef = 2CA1128E1BB29E4A00406685 /* AppDelegate.m */; };
		2CA112921BB29E4A00406685 /* ViewController.m in Sources */ = {isa = PBXBuildFile; fileRef = 2CA112911BB29E4A00406685 /* ViewController.m */; };
		2CA112951BB29E4A00406685 /* Main.storyboard in Resources */ = {isa = PBXBuildFile; fileRef = 2CA112931BB29E4A00406685 /* Main.storyboard */; };
		2CA112971BB29E4A00406685 /* Assets.xcassets in Resources */ = {isa = PBXBuildFile; fileRef = 2CA112961BB29E4A00406685 /* Assets.xcassets */; };
		2CA1129A1BB29E4A00406685 /* LaunchScreen.storyboard in Resources */ = {isa = PBXBuildFile; fileRef = 2CA112981BB29E4A00406685 /* LaunchScreen.storyboard */; };
		2CA112C21BB29EAA00406685 /* BasicTableViewCell.m in Sources */ = {isa = PBXBuildFile; fileRef = 2CA112A51BB29EAA00406685 /* BasicTableViewCell.m */; settings = {ASSET_TAGS = (); }; };
		2CA112C31BB29EAA00406685 /* BasicVCTL.m in Sources */ = {isa = PBXBuildFile; fileRef = 2CA112A71BB29EAA00406685 /* BasicVCTL.m */; settings = {ASSET_TAGS = (); }; };
		2CA112C41BB29EAA00406685 /* HomeTableViewCell.m in Sources */ = {isa = PBXBuildFile; fileRef = 2CA112AA1BB29EAA00406685 /* HomeTableViewCell.m */; settings = {ASSET_TAGS = (); }; };
		2CA112C51BB29EAA00406685 /* HomeTableViewCell.xib in Resources */ = {isa = PBXBuildFile; fileRef = 2CA112AB1BB29EAA00406685 /* HomeTableViewCell.xib */; settings = {ASSET_TAGS = (); }; };
		2CA112C61BB29EAA00406685 /* HomeVCTL.m in Sources */ = {isa = PBXBuildFile; fileRef = 2CA112AD1BB29EAA00406685 /* HomeVCTL.m */; settings = {ASSET_TAGS = (); }; };
		2CA112C71BB29EAA00406685 /* HomeVCTL.xib in Resources */ = {isa = PBXBuildFile; fileRef = 2CA112AE1BB29EAA00406685 /* HomeVCTL.xib */; settings = {ASSET_TAGS = (); }; };
		2CA112C81BB29EAA00406685 /* ConstrainVCTL.m in Sources */ = {isa = PBXBuildFile; fileRef = 2CA112B21BB29EAA00406685 /* ConstrainVCTL.m */; settings = {ASSET_TAGS = (); }; };
		2CA112C91BB29EAA00406685 /* ConstrainVCTL.xib in Resources */ = {isa = PBXBuildFile; fileRef = 2CA112B31BB29EAA00406685 /* ConstrainVCTL.xib */; settings = {ASSET_TAGS = (); }; };
		2CA112CA1BB29EAA00406685 /* NaviBarVCTL.m in Sources */ = {isa = PBXBuildFile; fileRef = 2CA112B61BB29EAA00406685 /* NaviBarVCTL.m */; settings = {ASSET_TAGS = (); }; };
		2CA112CB1BB29EAA00406685 /* testXibVCTL.m in Sources */ = {isa = PBXBuildFile; fileRef = 2CA112B91BB29EAA00406685 /* testXibVCTL.m */; settings = {ASSET_TAGS = (); }; };
		2CA112CC1BB29EAA00406685 /* testXibVCTL.xib in Resources */ = {isa = PBXBuildFile; fileRef = 2CA112BA1BB29EAA00406685 /* testXibVCTL.xib */; settings = {ASSET_TAGS = (); }; };
		2CA112CD1BB29EAA00406685 /* X1.m in Sources */ = {isa = PBXBuildFile; fileRef = 2CA112BC1BB29EAA00406685 /* X1.m */; settings = {ASSET_TAGS = (); }; };
		2CA112CE1BB29EAA00406685 /* X1.xib in Resources */ = {isa = PBXBuildFile; fileRef = 2CA112BD1BB29EAA00406685 /* X1.xib */; settings = {ASSET_TAGS = (); }; };
		2CA112CF1BB29EAA00406685 /* TimerVCTL.m in Sources */ = {isa = PBXBuildFile; fileRef = 2CA112C01BB29EAA00406685 /* TimerVCTL.m */; settings = {ASSET_TAGS = (); }; };
		2CA112D01BB29EAA00406685 /* TimerVCTL.xib in Resources */ = {isa = PBXBuildFile; fileRef = 2CA112C11BB29EAA00406685 /* TimerVCTL.xib */; settings = {ASSET_TAGS = (); }; };
		2CADEA2C1BB5364B009BBD28 /* StatusBarVCTL.m in Sources */ = {isa = PBXBuildFile; fileRef = 2CADEA2A1BB5364B009BBD28 /* StatusBarVCTL.m */; settings = {ASSET_TAGS = (); }; };
		2CADEA2D1BB5364B009BBD28 /* StatusBarVCTL.xib in Resources */ = {isa = PBXBuildFile; fileRef = 2CADEA2B1BB5364B009BBD28 /* StatusBarVCTL.xib */; settings = {ASSET_TAGS = (); }; };
		2CADEA311BB536BB009BBD28 /* StatusBarTableViewCell.m in Sources */ = {isa = PBXBuildFile; fileRef = 2CADEA2F1BB536BB009BBD28 /* StatusBarTableViewCell.m */; settings = {ASSET_TAGS = (); }; };
		2CADEA321BB536BB009BBD28 /* StatusBarTableViewCell.xib in Resources */ = {isa = PBXBuildFile; fileRef = 2CADEA301BB536BB009BBD28 /* StatusBarTableViewCell.xib */; settings = {ASSET_TAGS = (); }; };
		2CADEA391BB537E0009BBD28 /* Helper.m in Sources */ = {isa = PBXBuildFile; fileRef = 2CADEA381BB537E0009BBD28 /* Helper.m */; settings = {ASSET_TAGS = (); }; };
		2CCB28951BCB4421005E9B85 /* DragCollectionView.m in Sources */ = {isa = PBXBuildFile; fileRef = 2CCB28931BCB4421005E9B85 /* DragCollectionView.m */; settings = {ASSET_TAGS = (); }; };
		2CCB28961BCB4421005E9B85 /* DragCollectionView.xib in Resources */ = {isa = PBXBuildFile; fileRef = 2CCB28941BCB4421005E9B85 /* DragCollectionView.xib */; settings = {ASSET_TAGS = (); }; };
		2CCB289A1BCB4575005E9B85 /* DragCollectionCell.m in Sources */ = {isa = PBXBuildFile; fileRef = 2CCB28981BCB4575005E9B85 /* DragCollectionCell.m */; settings = {ASSET_TAGS = (); }; };
		2CCB289B1BCB4575005E9B85 /* DragCollectionCell.xib in Resources */ = {isa = PBXBuildFile; fileRef = 2CCB28991BCB4575005E9B85 /* DragCollectionCell.xib */; settings = {ASSET_TAGS = (); }; };
		2CCB289E1BCB45E1005E9B85 /* BasicCollectionViewCell.m in Sources */ = {isa = PBXBuildFile; fileRef = 2CCB289D1BCB45E1005E9B85 /* BasicCollectionViewCell.m */; settings = {ASSET_TAGS = (); }; };
		2CCB28AC1BCB4921005E9B85 /* LSCollectionViewHelper.m in Sources */ = {isa = PBXBuildFile; fileRef = 2CCB28A21BCB4921005E9B85 /* LSCollectionViewHelper.m */; settings = {ASSET_TAGS = (); }; };
		2CCB28AD1BCB4921005E9B85 /* LSCollectionViewLayoutHelper.m in Sources */ = {isa = PBXBuildFile; fileRef = 2CCB28A41BCB4921005E9B85 /* LSCollectionViewLayoutHelper.m */; settings = {ASSET_TAGS = (); }; };
		2CCB28AE1BCB4921005E9B85 /* DraggableCollectionViewFlowLayout.m in Sources */ = {isa = PBXBuildFile; fileRef = 2CCB28A71BCB4921005E9B85 /* DraggableCollectionViewFlowLayout.m */; settings = {ASSET_TAGS = (); }; };
		2CCB28AF1BCB4921005E9B85 /* UICollectionView+Draggable.m in Sources */ = {isa = PBXBuildFile; fileRef = 2CCB28A91BCB4921005E9B85 /* UICollectionView+Draggable.m */; settings = {ASSET_TAGS = (); }; };
		2CCB28B61BCB4F58005E9B85 /* QuartzCore.framework in Frameworks */ = {isa = PBXBuildFile; fileRef = 2CCB28B51BCB4F58005E9B85 /* QuartzCore.framework */; };
		2CE092F11BC6378E00027EED /* PostNotificationVCTL.m in Sources */ = {isa = PBXBuildFile; fileRef = 2CE092EF1BC6378E00027EED /* PostNotificationVCTL.m */; settings = {ASSET_TAGS = (); }; };
		2CE092F21BC6378E00027EED /* PostNotificationVCTL.xib in Resources */ = {isa = PBXBuildFile; fileRef = 2CE092F01BC6378E00027EED /* PostNotificationVCTL.xib */; settings = {ASSET_TAGS = (); }; };
		2CE092F51BC63BB500027EED /* PostModel.m in Sources */ = {isa = PBXBuildFile; fileRef = 2CE092F41BC63BB500027EED /* PostModel.m */; settings = {ASSET_TAGS = (); }; };
		2CE092FA1BC63FE500027EED /* StringArrayVCTL.m in Sources */ = {isa = PBXBuildFile; fileRef = 2CE092F81BC63FE500027EED /* StringArrayVCTL.m */; settings = {ASSET_TAGS = (); }; };
		2CE092FB1BC63FE500027EED /* StringArrayVCTL.xib in Resources */ = {isa = PBXBuildFile; fileRef = 2CE092F91BC63FE500027EED /* StringArrayVCTL.xib */; settings = {ASSET_TAGS = (); }; };
		2CE329BC1BBA3602008259DD /* ShakeTextFieldVCTL.m in Sources */ = {isa = PBXBuildFile; fileRef = 2CE329BA1BBA3602008259DD /* ShakeTextFieldVCTL.m */; settings = {ASSET_TAGS = (); }; };
		2CE329BD1BBA3602008259DD /* ShakeTextFieldVCTL.xib in Resources */ = {isa = PBXBuildFile; fileRef = 2CE329BB1BBA3602008259DD /* ShakeTextFieldVCTL.xib */; settings = {ASSET_TAGS = (); }; };
		2CE329C11BBA369E008259DD /* UITextField+Shake.m in Sources */ = {isa = PBXBuildFile; fileRef = 2CE329C01BBA369E008259DD /* UITextField+Shake.m */; settings = {ASSET_TAGS = (); }; };
/* End PBXBuildFile section */

/* Begin PBXFileReference section */
		2C08A8321BB931B60077FE53 /* LewPopupVCTL.h */ = {isa = PBXFileReference; fileEncoding = 4; lastKnownFileType = sourcecode.c.h; path = LewPopupVCTL.h; sourceTree = "<group>"; };
		2C08A8331BB931B60077FE53 /* LewPopupVCTL.m */ = {isa = PBXFileReference; fileEncoding = 4; lastKnownFileType = sourcecode.c.objc; path = LewPopupVCTL.m; sourceTree = "<group>"; };
		2C08A8341BB931B60077FE53 /* LewPopupVCTL.xib */ = {isa = PBXFileReference; fileEncoding = 4; lastKnownFileType = file.xib; path = LewPopupVCTL.xib; sourceTree = "<group>"; };
		2C08A8371BB931C60077FE53 /* LewView1.h */ = {isa = PBXFileReference; fileEncoding = 4; lastKnownFileType = sourcecode.c.h; path = LewView1.h; sourceTree = "<group>"; };
		2C08A8381BB931C60077FE53 /* LewView1.m */ = {isa = PBXFileReference; fileEncoding = 4; lastKnownFileType = sourcecode.c.objc; path = LewView1.m; sourceTree = "<group>"; };
		2C08A83A1BB933480077FE53 /* LewView2.h */ = {isa = PBXFileReference; fileEncoding = 4; lastKnownFileType = sourcecode.c.h; path = LewView2.h; sourceTree = "<group>"; };
		2C08A83B1BB933480077FE53 /* LewView2.m */ = {isa = PBXFileReference; fileEncoding = 4; lastKnownFileType = sourcecode.c.objc; path = LewView2.m; sourceTree = "<group>"; };
		2C08A83D1BB933590077FE53 /* LewView2.xib */ = {isa = PBXFileReference; fileEncoding = 4; lastKnownFileType = file.xib; path = LewView2.xib; sourceTree = "<group>"; };
		2C08A8591BB939A80077FE53 /* LewPopupBackgroundView.h */ = {isa = PBXFileReference; fileEncoding = 4; lastKnownFileType = sourcecode.c.h; path = LewPopupBackgroundView.h; sourceTree = "<group>"; };
		2C08A85A1BB939A80077FE53 /* LewPopupBackgroundView.m */ = {isa = PBXFileReference; fileEncoding = 4; lastKnownFileType = sourcecode.c.objc; path = LewPopupBackgroundView.m; sourceTree = "<group>"; };
		2C08A85B1BB939A80077FE53 /* LewPopupViewAnimationDrop.h */ = {isa = PBXFileReference; fileEncoding = 4; lastKnownFileType = sourcecode.c.h; path = LewPopupViewAnimationDrop.h; sourceTree = "<group>"; };
		2C08A85C1BB939A80077FE53 /* LewPopupViewAnimationDrop.m */ = {isa = PBXFileReference; fileEncoding = 4; lastKnownFileType = sourcecode.c.objc; path = LewPopupViewAnimationDrop.m; sourceTree = "<group>"; };
		2C08A85D1BB939A80077FE53 /* LewPopupViewAnimationFade.h */ = {isa = PBXFileReference; fileEncoding = 4; lastKnownFileType = sourcecode.c.h; path = LewPopupViewAnimationFade.h; sourceTree = "<group>"; };
		2C08A85E1BB939A80077FE53 /* LewPopupViewAnimationFade.m */ = {isa = PBXFileReference; fileEncoding = 4; lastKnownFileType = sourcecode.c.objc; path = LewPopupViewAnimationFade.m; sourceTree = "<group>"; };
		2C08A85F1BB939A80077FE53 /* LewPopupViewAnimationSlide.h */ = {isa = PBXFileReference; fileEncoding = 4; lastKnownFileType = sourcecode.c.h; path = LewPopupViewAnimationSlide.h; sourceTree = "<group>"; };
		2C08A8601BB939A80077FE53 /* LewPopupViewAnimationSlide.m */ = {isa = PBXFileReference; fileEncoding = 4; lastKnownFileType = sourcecode.c.objc; path = LewPopupViewAnimationSlide.m; sourceTree = "<group>"; };
		2C08A8611BB939A80077FE53 /* LewPopupViewAnimationSpring.h */ = {isa = PBXFileReference; fileEncoding = 4; lastKnownFileType = sourcecode.c.h; path = LewPopupViewAnimationSpring.h; sourceTree = "<group>"; };
		2C08A8621BB939A80077FE53 /* LewPopupViewAnimationSpring.m */ = {isa = PBXFileReference; fileEncoding = 4; lastKnownFileType = sourcecode.c.objc; path = LewPopupViewAnimationSpring.m; sourceTree = "<group>"; };
		2C08A8631BB939A80077FE53 /* LewPopupViewController.h */ = {isa = PBXFileReference; fileEncoding = 4; lastKnownFileType = sourcecode.c.h; path = LewPopupViewController.h; sourceTree = "<group>"; };
		2C08A8641BB939A80077FE53 /* UIViewController+LewPopupViewController.h */ = {isa = PBXFileReference; fileEncoding = 4; lastKnownFileType = sourcecode.c.h; path = "UIViewController+LewPopupViewController.h"; sourceTree = "<group>"; };
		2C08A8651BB939A80077FE53 /* UIViewController+LewPopupViewController.m */ = {isa = PBXFileReference; fileEncoding = 4; lastKnownFileType = sourcecode.c.objc; path = "UIViewController+LewPopupViewController.m"; sourceTree = "<group>"; };
		2C3A83B81BB8C88400A335B5 /* StackViewVCTL.h */ = {isa = PBXFileReference; fileEncoding = 4; lastKnownFileType = sourcecode.c.h; path = StackViewVCTL.h; sourceTree = "<group>"; };
		2C3A83B91BB8C88400A335B5 /* StackViewVCTL.m */ = {isa = PBXFileReference; fileEncoding = 4; lastKnownFileType = sourcecode.c.objc; path = StackViewVCTL.m; sourceTree = "<group>"; };
		2C3A83BA1BB8C88400A335B5 /* StackViewVCTL.xib */ = {isa = PBXFileReference; fileEncoding = 4; lastKnownFileType = file.xib; path = StackViewVCTL.xib; sourceTree = "<group>"; };
		2C3A83BE1BB8CB2000A335B5 /* sgs1.jpg */ = {isa = PBXFileReference; lastKnownFileType = image.jpeg; path = sgs1.jpg; sourceTree = "<group>"; };
		2C3A83BF1BB8CB2000A335B5 /* sgs2.jpg */ = {isa = PBXFileReference; lastKnownFileType = image.jpeg; path = sgs2.jpg; sourceTree = "<group>"; };
		2C3A83C01BB8CB2000A335B5 /* sgs3.jpg */ = {isa = PBXFileReference; lastKnownFileType = image.jpeg; path = sgs3.jpg; sourceTree = "<group>"; };
		2C3A83C11BB8CB2000A335B5 /* sgs4.jpg */ = {isa = PBXFileReference; lastKnownFileType = image.jpeg; path = sgs4.jpg; sourceTree = "<group>"; };
		2C3A83D31BB8EA4C00A335B5 /* MGSwipeCellVCTL.h */ = {isa = PBXFileReference; fileEncoding = 4; lastKnownFileType = sourcecode.c.h; path = MGSwipeCellVCTL.h; sourceTree = "<group>"; };
		2C3A83D41BB8EA4C00A335B5 /* MGSwipeCellVCTL.m */ = {isa = PBXFileReference; fileEncoding = 4; lastKnownFileType = sourcecode.c.objc; path = MGSwipeCellVCTL.m; sourceTree = "<group>"; };
		2C3A83D51BB8EA4C00A335B5 /* MGSwipeCellVCTL.xib */ = {isa = PBXFileReference; fileEncoding = 4; lastKnownFileType = file.xib; path = MGSwipeCellVCTL.xib; sourceTree = "<group>"; };
		2C3A83E21BB8EA8700A335B5 /* MGSwipeButton.h */ = {isa = PBXFileReference; fileEncoding = 4; lastKnownFileType = sourcecode.c.h; path = MGSwipeButton.h; sourceTree = "<group>"; };
		2C3A83E31BB8EA8700A335B5 /* MGSwipeButton.m */ = {isa = PBXFileReference; fileEncoding = 4; lastKnownFileType = sourcecode.c.objc; path = MGSwipeButton.m; sourceTree = "<group>"; };
		2C3A83E41BB8EA8700A335B5 /* MGSwipeTableCell.h */ = {isa = PBXFileReference; fileEncoding = 4; lastKnownFileType = sourcecode.c.h; path = MGSwipeTableCell.h; sourceTree = "<group>"; };
		2C3A83E51BB8EA8700A335B5 /* MGSwipeTableCell.m */ = {isa = PBXFileReference; fileEncoding = 4; lastKnownFileType = sourcecode.c.objc; path = MGSwipeTableCell.m; sourceTree = "<group>"; };
		2C3A83E81BB8EAED00A335B5 /* MyMGCell.h */ = {isa = PBXFileReference; fileEncoding = 4; lastKnownFileType = sourcecode.c.h; path = MyMGCell.h; sourceTree = "<group>"; };
		2C3A83E91BB8EAED00A335B5 /* MyMGCell.m */ = {isa = PBXFileReference; fileEncoding = 4; lastKnownFileType = sourcecode.c.objc; path = MyMGCell.m; sourceTree = "<group>"; };
		2C65D7321BB3A32300D22F29 /* MathProblem1VCTL.h */ = {isa = PBXFileReference; fileEncoding = 4; lastKnownFileType = sourcecode.c.h; path = MathProblem1VCTL.h; sourceTree = "<group>"; };
		2C65D7331BB3A32300D22F29 /* MathProblem1VCTL.m */ = {isa = PBXFileReference; fileEncoding = 4; lastKnownFileType = sourcecode.c.objc; path = MathProblem1VCTL.m; sourceTree = "<group>"; };
		2C65D7341BB3A32300D22F29 /* MathProblem1VCTL.xib */ = {isa = PBXFileReference; fileEncoding = 4; lastKnownFileType = file.xib; path = MathProblem1VCTL.xib; sourceTree = "<group>"; };
		2C65D7391BB3A35D00D22F29 /* icon0副本 2.png */ = {isa = PBXFileReference; lastKnownFileType = image.png; path = "icon0副本 2.png"; sourceTree = "<group>"; };
		2C65D73A1BB3A35D00D22F29 /* icon29.png */ = {isa = PBXFileReference; lastKnownFileType = image.png; path = icon29.png; sourceTree = "<group>"; };
		2C65D73B1BB3A35D00D22F29 /* icon58.png */ = {isa = PBXFileReference; lastKnownFileType = image.png; path = icon58.png; sourceTree = "<group>"; };
		2C65D7401BB3A38500D22F29 /* mp1.jpg */ = {isa = PBXFileReference; lastKnownFileType = image.jpeg; path = mp1.jpg; sourceTree = "<group>"; };
		2C8BAB561BC7C00A000FD2DF /* Touch3DVCTL.h */ = {isa = PBXFileReference; fileEncoding = 4; lastKnownFileType = sourcecode.c.h; path = Touch3DVCTL.h; sourceTree = "<group>"; };
		2C8BAB571BC7C00A000FD2DF /* Touch3DVCTL.m */ = {isa = PBXFileReference; fileEncoding = 4; lastKnownFileType = sourcecode.c.objc; path = Touch3DVCTL.m; sourceTree = "<group>"; };
		2C8BAB581BC7C00A000FD2DF /* Touch3DVCTL.xib */ = {isa = PBXFileReference; fileEncoding = 4; lastKnownFileType = file.xib; path = Touch3DVCTL.xib; sourceTree = "<group>"; };
		2C8BAB5B1BC7CF45000FD2DF /* Touch3D1VCTL.h */ = {isa = PBXFileReference; fileEncoding = 4; lastKnownFileType = sourcecode.c.h; path = Touch3D1VCTL.h; sourceTree = "<group>"; };
		2C8BAB5C1BC7CF45000FD2DF /* Touch3D1VCTL.m */ = {isa = PBXFileReference; fileEncoding = 4; lastKnownFileType = sourcecode.c.objc; path = Touch3D1VCTL.m; sourceTree = "<group>"; };
		2C8BAB5D1BC7CF45000FD2DF /* Touch3D1VCTL.xib */ = {isa = PBXFileReference; fileEncoding = 4; lastKnownFileType = file.xib; path = Touch3D1VCTL.xib; sourceTree = "<group>"; };
		2C8BAB601BC7D593000FD2DF /* AudioToolbox.framework */ = {isa = PBXFileReference; lastKnownFileType = wrapper.framework; name = AudioToolbox.framework; path = System/Library/Frameworks/AudioToolbox.framework; sourceTree = SDKROOT; };
		2C8BAB621BC7DF90000FD2DF /* Touch3d1DetailVCTL.h */ = {isa = PBXFileReference; fileEncoding = 4; lastKnownFileType = sourcecode.c.h; path = Touch3d1DetailVCTL.h; sourceTree = "<group>"; };
		2C8BAB631BC7DF90000FD2DF /* Touch3d1DetailVCTL.m */ = {isa = PBXFileReference; fileEncoding = 4; lastKnownFileType = sourcecode.c.objc; path = Touch3d1DetailVCTL.m; sourceTree = "<group>"; };
		2C8BAB641BC7DF90000FD2DF /* Touch3d1DetailVCTL.xib */ = {isa = PBXFileReference; fileEncoding = 4; lastKnownFileType = file.xib; path = Touch3d1DetailVCTL.xib; sourceTree = "<group>"; };
		2CA112871BB29E4A00406685 /* testCaseXcode7iOS9.app */ = {isa = PBXFileReference; explicitFileType = wrapper.application; includeInIndex = 0; path = testCaseXcode7iOS9.app; sourceTree = BUILT_PRODUCTS_DIR; };
		2CA1128B1BB29E4A00406685 /* main.m */ = {isa = PBXFileReference; lastKnownFileType = sourcecode.c.objc; path = main.m; sourceTree = "<group>"; };
		2CA1128D1BB29E4A00406685 /* AppDelegate.h */ = {isa = PBXFileReference; lastKnownFileType = sourcecode.c.h; path = AppDelegate.h; sourceTree = "<group>"; };
		2CA1128E1BB29E4A00406685 /* AppDelegate.m */ = {isa = PBXFileReference; lastKnownFileType = sourcecode.c.objc; path = AppDelegate.m; sourceTree = "<group>"; };
		2CA112901BB29E4A00406685 /* ViewController.h */ = {isa = PBXFileReference; lastKnownFileType = sourcecode.c.h; path = ViewController.h; sourceTree = "<group>"; };
		2CA112911BB29E4A00406685 /* ViewController.m */ = {isa = PBXFileReference; lastKnownFileType = sourcecode.c.objc; path = ViewController.m; sourceTree = "<group>"; };
		2CA112941BB29E4A00406685 /* Base */ = {isa = PBXFileReference; lastKnownFileType = file.storyboard; name = Base; path = Base.lproj/Main.storyboard; sourceTree = "<group>"; };
		2CA112961BB29E4A00406685 /* Assets.xcassets */ = {isa = PBXFileReference; lastKnownFileType = folder.assetcatalog; path = Assets.xcassets; sourceTree = "<group>"; };
		2CA112991BB29E4A00406685 /* Base */ = {isa = PBXFileReference; lastKnownFileType = file.storyboard; name = Base; path = Base.lproj/LaunchScreen.storyboard; sourceTree = "<group>"; };
		2CA1129B1BB29E4A00406685 /* Info.plist */ = {isa = PBXFileReference; lastKnownFileType = text.plist.xml; path = Info.plist; sourceTree = "<group>"; };
		2CA112A41BB29EAA00406685 /* BasicTableViewCell.h */ = {isa = PBXFileReference; fileEncoding = 4; lastKnownFileType = sourcecode.c.h; path = BasicTableViewCell.h; sourceTree = "<group>"; };
		2CA112A51BB29EAA00406685 /* BasicTableViewCell.m */ = {isa = PBXFileReference; fileEncoding = 4; lastKnownFileType = sourcecode.c.objc; path = BasicTableViewCell.m; sourceTree = "<group>"; };
		2CA112A61BB29EAA00406685 /* BasicVCTL.h */ = {isa = PBXFileReference; fileEncoding = 4; lastKnownFileType = sourcecode.c.h; path = BasicVCTL.h; sourceTree = "<group>"; };
		2CA112A71BB29EAA00406685 /* BasicVCTL.m */ = {isa = PBXFileReference; fileEncoding = 4; lastKnownFileType = sourcecode.c.objc; path = BasicVCTL.m; sourceTree = "<group>"; };
		2CA112A91BB29EAA00406685 /* HomeTableViewCell.h */ = {isa = PBXFileReference; fileEncoding = 4; lastKnownFileType = sourcecode.c.h; path = HomeTableViewCell.h; sourceTree = "<group>"; };
		2CA112AA1BB29EAA00406685 /* HomeTableViewCell.m */ = {isa = PBXFileReference; fileEncoding = 4; lastKnownFileType = sourcecode.c.objc; path = HomeTableViewCell.m; sourceTree = "<group>"; };
		2CA112AB1BB29EAA00406685 /* HomeTableViewCell.xib */ = {isa = PBXFileReference; fileEncoding = 4; lastKnownFileType = file.xib; path = HomeTableViewCell.xib; sourceTree = "<group>"; };
		2CA112AC1BB29EAA00406685 /* HomeVCTL.h */ = {isa = PBXFileReference; fileEncoding = 4; lastKnownFileType = sourcecode.c.h; path = HomeVCTL.h; sourceTree = "<group>"; };
		2CA112AD1BB29EAA00406685 /* HomeVCTL.m */ = {isa = PBXFileReference; fileEncoding = 4; lastKnownFileType = sourcecode.c.objc; path = HomeVCTL.m; sourceTree = "<group>"; };
		2CA112AE1BB29EAA00406685 /* HomeVCTL.xib */ = {isa = PBXFileReference; fileEncoding = 4; lastKnownFileType = file.xib; path = HomeVCTL.xib; sourceTree = "<group>"; };
		2CA112B11BB29EAA00406685 /* ConstrainVCTL.h */ = {isa = PBXFileReference; fileEncoding = 4; lastKnownFileType = sourcecode.c.h; path = ConstrainVCTL.h; sourceTree = "<group>"; };
		2CA112B21BB29EAA00406685 /* ConstrainVCTL.m */ = {isa = PBXFileReference; fileEncoding = 4; lastKnownFileType = sourcecode.c.objc; path = ConstrainVCTL.m; sourceTree = "<group>"; };
		2CA112B31BB29EAA00406685 /* ConstrainVCTL.xib */ = {isa = PBXFileReference; fileEncoding = 4; lastKnownFileType = file.xib; path = ConstrainVCTL.xib; sourceTree = "<group>"; };
		2CA112B51BB29EAA00406685 /* NaviBarVCTL.h */ = {isa = PBXFileReference; fileEncoding = 4; lastKnownFileType = sourcecode.c.h; path = NaviBarVCTL.h; sourceTree = "<group>"; };
		2CA112B61BB29EAA00406685 /* NaviBarVCTL.m */ = {isa = PBXFileReference; fileEncoding = 4; lastKnownFileType = sourcecode.c.objc; path = NaviBarVCTL.m; sourceTree = "<group>"; };
		2CA112B81BB29EAA00406685 /* testXibVCTL.h */ = {isa = PBXFileReference; fileEncoding = 4; lastKnownFileType = sourcecode.c.h; path = testXibVCTL.h; sourceTree = "<group>"; };
		2CA112B91BB29EAA00406685 /* testXibVCTL.m */ = {isa = PBXFileReference; fileEncoding = 4; lastKnownFileType = sourcecode.c.objc; path = testXibVCTL.m; sourceTree = "<group>"; };
		2CA112BA1BB29EAA00406685 /* testXibVCTL.xib */ = {isa = PBXFileReference; fileEncoding = 4; lastKnownFileType = file.xib; path = testXibVCTL.xib; sourceTree = "<group>"; };
		2CA112BB1BB29EAA00406685 /* X1.h */ = {isa = PBXFileReference; fileEncoding = 4; lastKnownFileType = sourcecode.c.h; path = X1.h; sourceTree = "<group>"; };
		2CA112BC1BB29EAA00406685 /* X1.m */ = {isa = PBXFileReference; fileEncoding = 4; lastKnownFileType = sourcecode.c.objc; path = X1.m; sourceTree = "<group>"; };
		2CA112BD1BB29EAA00406685 /* X1.xib */ = {isa = PBXFileReference; fileEncoding = 4; lastKnownFileType = file.xib; path = X1.xib; sourceTree = "<group>"; };
		2CA112BF1BB29EAA00406685 /* TimerVCTL.h */ = {isa = PBXFileReference; fileEncoding = 4; lastKnownFileType = sourcecode.c.h; path = TimerVCTL.h; sourceTree = "<group>"; };
		2CA112C01BB29EAA00406685 /* TimerVCTL.m */ = {isa = PBXFileReference; fileEncoding = 4; lastKnownFileType = sourcecode.c.objc; path = TimerVCTL.m; sourceTree = "<group>"; };
		2CA112C11BB29EAA00406685 /* TimerVCTL.xib */ = {isa = PBXFileReference; fileEncoding = 4; lastKnownFileType = file.xib; path = TimerVCTL.xib; sourceTree = "<group>"; };
		2CADEA291BB5364B009BBD28 /* StatusBarVCTL.h */ = {isa = PBXFileReference; fileEncoding = 4; lastKnownFileType = sourcecode.c.h; path = StatusBarVCTL.h; sourceTree = "<group>"; };
		2CADEA2A1BB5364B009BBD28 /* StatusBarVCTL.m */ = {isa = PBXFileReference; fileEncoding = 4; lastKnownFileType = sourcecode.c.objc; path = StatusBarVCTL.m; sourceTree = "<group>"; };
		2CADEA2B1BB5364B009BBD28 /* StatusBarVCTL.xib */ = {isa = PBXFileReference; fileEncoding = 4; lastKnownFileType = file.xib; path = StatusBarVCTL.xib; sourceTree = "<group>"; };
		2CADEA2E1BB536BB009BBD28 /* StatusBarTableViewCell.h */ = {isa = PBXFileReference; fileEncoding = 4; lastKnownFileType = sourcecode.c.h; path = StatusBarTableViewCell.h; sourceTree = "<group>"; };
		2CADEA2F1BB536BB009BBD28 /* StatusBarTableViewCell.m */ = {isa = PBXFileReference; fileEncoding = 4; lastKnownFileType = sourcecode.c.objc; path = StatusBarTableViewCell.m; sourceTree = "<group>"; };
		2CADEA301BB536BB009BBD28 /* StatusBarTableViewCell.xib */ = {isa = PBXFileReference; fileEncoding = 4; lastKnownFileType = file.xib; path = StatusBarTableViewCell.xib; sourceTree = "<group>"; };
		2CADEA371BB537E0009BBD28 /* Helper.h */ = {isa = PBXFileReference; fileEncoding = 4; lastKnownFileType = sourcecode.c.h; path = Helper.h; sourceTree = "<group>"; };
		2CADEA381BB537E0009BBD28 /* Helper.m */ = {isa = PBXFileReference; fileEncoding = 4; lastKnownFileType = sourcecode.c.objc; path = Helper.m; sourceTree = "<group>"; };
		2CCB28921BCB4421005E9B85 /* DragCollectionView.h */ = {isa = PBXFileReference; fileEncoding = 4; lastKnownFileType = sourcecode.c.h; path = DragCollectionView.h; sourceTree = "<group>"; };
		2CCB28931BCB4421005E9B85 /* DragCollectionView.m */ = {isa = PBXFileReference; fileEncoding = 4; lastKnownFileType = sourcecode.c.objc; path = DragCollectionView.m; sourceTree = "<group>"; };
		2CCB28941BCB4421005E9B85 /* DragCollectionView.xib */ = {isa = PBXFileReference; fileEncoding = 4; lastKnownFileType = file.xib; path = DragCollectionView.xib; sourceTree = "<group>"; };
		2CCB28971BCB4575005E9B85 /* DragCollectionCell.h */ = {isa = PBXFileReference; fileEncoding = 4; lastKnownFileType = sourcecode.c.h; path = DragCollectionCell.h; sourceTree = "<group>"; };
		2CCB28981BCB4575005E9B85 /* DragCollectionCell.m */ = {isa = PBXFileReference; fileEncoding = 4; lastKnownFileType = sourcecode.c.objc; path = DragCollectionCell.m; sourceTree = "<group>"; };
		2CCB28991BCB4575005E9B85 /* DragCollectionCell.xib */ = {isa = PBXFileReference; fileEncoding = 4; lastKnownFileType = file.xib; path = DragCollectionCell.xib; sourceTree = "<group>"; };
		2CCB289C1BCB45E1005E9B85 /* BasicCollectionViewCell.h */ = {isa = PBXFileReference; fileEncoding = 4; lastKnownFileType = sourcecode.c.h; path = BasicCollectionViewCell.h; sourceTree = "<group>"; };
		2CCB289D1BCB45E1005E9B85 /* BasicCollectionViewCell.m */ = {isa = PBXFileReference; fileEncoding = 4; lastKnownFileType = sourcecode.c.objc; path = BasicCollectionViewCell.m; sourceTree = "<group>"; };
		2CCB28A11BCB4921005E9B85 /* LSCollectionViewHelper.h */ = {isa = PBXFileReference; fileEncoding = 4; lastKnownFileType = sourcecode.c.h; path = LSCollectionViewHelper.h; sourceTree = "<group>"; };
		2CCB28A21BCB4921005E9B85 /* LSCollectionViewHelper.m */ = {isa = PBXFileReference; fileEncoding = 4; lastKnownFileType = sourcecode.c.objc; path = LSCollectionViewHelper.m; sourceTree = "<group>"; };
		2CCB28A31BCB4921005E9B85 /* LSCollectionViewLayoutHelper.h */ = {isa = PBXFileReference; fileEncoding = 4; lastKnownFileType = sourcecode.c.h; path = LSCollectionViewLayoutHelper.h; sourceTree = "<group>"; };
		2CCB28A41BCB4921005E9B85 /* LSCollectionViewLayoutHelper.m */ = {isa = PBXFileReference; fileEncoding = 4; lastKnownFileType = sourcecode.c.objc; path = LSCollectionViewLayoutHelper.m; sourceTree = "<group>"; };
		2CCB28A61BCB4921005E9B85 /* DraggableCollectionViewFlowLayout.h */ = {isa = PBXFileReference; fileEncoding = 4; lastKnownFileType = sourcecode.c.h; path = DraggableCollectionViewFlowLayout.h; sourceTree = "<group>"; };
		2CCB28A71BCB4921005E9B85 /* DraggableCollectionViewFlowLayout.m */ = {isa = PBXFileReference; fileEncoding = 4; lastKnownFileType = sourcecode.c.objc; path = DraggableCollectionViewFlowLayout.m; sourceTree = "<group>"; };
		2CCB28A81BCB4921005E9B85 /* UICollectionView+Draggable.h */ = {isa = PBXFileReference; fileEncoding = 4; lastKnownFileType = sourcecode.c.h; path = "UICollectionView+Draggable.h"; sourceTree = "<group>"; };
		2CCB28A91BCB4921005E9B85 /* UICollectionView+Draggable.m */ = {isa = PBXFileReference; fileEncoding = 4; lastKnownFileType = sourcecode.c.objc; path = "UICollectionView+Draggable.m"; sourceTree = "<group>"; };
		2CCB28AA1BCB4921005E9B85 /* UICollectionViewDataSource_Draggable.h */ = {isa = PBXFileReference; fileEncoding = 4; lastKnownFileType = sourcecode.c.h; path = UICollectionViewDataSource_Draggable.h; sourceTree = "<group>"; };
		2CCB28AB1BCB4921005E9B85 /* UICollectionViewLayout_Warpable.h */ = {isa = PBXFileReference; fileEncoding = 4; lastKnownFileType = sourcecode.c.h; path = UICollectionViewLayout_Warpable.h; sourceTree = "<group>"; };
		2CCB28B01BCB49EB005E9B85 /* testCaseIOS9.pch */ = {isa = PBXFileReference; fileEncoding = 4; lastKnownFileType = sourcecode.c.h; path = testCaseIOS9.pch; sourceTree = "<group>"; };
		2CCB28B51BCB4F58005E9B85 /* QuartzCore.framework */ = {isa = PBXFileReference; lastKnownFileType = wrapper.framework; name = QuartzCore.framework; path = System/Library/Frameworks/QuartzCore.framework; sourceTree = SDKROOT; };
		2CE092EE1BC6378E00027EED /* PostNotificationVCTL.h */ = {isa = PBXFileReference; fileEncoding = 4; lastKnownFileType = sourcecode.c.h; path = PostNotificationVCTL.h; sourceTree = "<group>"; };
		2CE092EF1BC6378E00027EED /* PostNotificationVCTL.m */ = {isa = PBXFileReference; fileEncoding = 4; lastKnownFileType = sourcecode.c.objc; path = PostNotificationVCTL.m; sourceTree = "<group>"; };
		2CE092F01BC6378E00027EED /* PostNotificationVCTL.xib */ = {isa = PBXFileReference; fileEncoding = 4; lastKnownFileType = file.xib; path = PostNotificationVCTL.xib; sourceTree = "<group>"; };
		2CE092F31BC63BB500027EED /* PostModel.h */ = {isa = PBXFileReference; fileEncoding = 4; lastKnownFileType = sourcecode.c.h; path = PostModel.h; sourceTree = "<group>"; };
		2CE092F41BC63BB500027EED /* PostModel.m */ = {isa = PBXFileReference; fileEncoding = 4; lastKnownFileType = sourcecode.c.objc; path = PostModel.m; sourceTree = "<group>"; };
		2CE092F71BC63FE500027EED /* StringArrayVCTL.h */ = {isa = PBXFileReference; fileEncoding = 4; lastKnownFileType = sourcecode.c.h; path = StringArrayVCTL.h; sourceTree = "<group>"; };
		2CE092F81BC63FE500027EED /* StringArrayVCTL.m */ = {isa = PBXFileReference; fileEncoding = 4; lastKnownFileType = sourcecode.c.objc; path = StringArrayVCTL.m; sourceTree = "<group>"; };
		2CE092F91BC63FE500027EED /* StringArrayVCTL.xib */ = {isa = PBXFileReference; fileEncoding = 4; lastKnownFileType = file.xib; path = StringArrayVCTL.xib; sourceTree = "<group>"; };
		2CE329B91BBA3602008259DD /* ShakeTextFieldVCTL.h */ = {isa = PBXFileReference; fileEncoding = 4; lastKnownFileType = sourcecode.c.h; path = ShakeTextFieldVCTL.h; sourceTree = "<group>"; };
		2CE329BA1BBA3602008259DD /* ShakeTextFieldVCTL.m */ = {isa = PBXFileReference; fileEncoding = 4; lastKnownFileType = sourcecode.c.objc; path = ShakeTextFieldVCTL.m; sourceTree = "<group>"; };
		2CE329BB1BBA3602008259DD /* ShakeTextFieldVCTL.xib */ = {isa = PBXFileReference; fileEncoding = 4; lastKnownFileType = file.xib; path = ShakeTextFieldVCTL.xib; sourceTree = "<group>"; };
		2CE329BF1BBA369E008259DD /* UITextField+Shake.h */ = {isa = PBXFileReference; fileEncoding = 4; lastKnownFileType = sourcecode.c.h; path = "UITextField+Shake.h"; sourceTree = "<group>"; };
		2CE329C01BBA369E008259DD /* UITextField+Shake.m */ = {isa = PBXFileReference; fileEncoding = 4; lastKnownFileType = sourcecode.c.objc; path = "UITextField+Shake.m"; sourceTree = "<group>"; };
/* End PBXFileReference section */

/* Begin PBXFrameworksBuildPhase section */
		2CA112841BB29E4A00406685 /* Frameworks */ = {
			isa = PBXFrameworksBuildPhase;
			buildActionMask = 2147483647;
			files = (
				2CCB28B61BCB4F58005E9B85 /* QuartzCore.framework in Frameworks */,
				2C8BAB611BC7D593000FD2DF /* AudioToolbox.framework in Frameworks */,
			);
			runOnlyForDeploymentPostprocessing = 0;
		};
/* End PBXFrameworksBuildPhase section */

/* Begin PBXGroup section */
		2C08A8311BB931A80077FE53 /* LewPopupViewcontroller */ = {
			isa = PBXGroup;
			children = (
				2C08A8321BB931B60077FE53 /* LewPopupVCTL.h */,
				2C08A8331BB931B60077FE53 /* LewPopupVCTL.m */,
				2C08A8341BB931B60077FE53 /* LewPopupVCTL.xib */,
				2C08A8371BB931C60077FE53 /* LewView1.h */,
				2C08A8381BB931C60077FE53 /* LewView1.m */,
				2C08A83A1BB933480077FE53 /* LewView2.h */,
				2C08A83B1BB933480077FE53 /* LewView2.m */,
				2C08A83D1BB933590077FE53 /* LewView2.xib */,
			);
			path = LewPopupViewcontroller;
			sourceTree = "<group>";
		};
		2C08A8581BB939A80077FE53 /* LewPopupViewController */ = {
			isa = PBXGroup;
			children = (
				2C08A8591BB939A80077FE53 /* LewPopupBackgroundView.h */,
				2C08A85A1BB939A80077FE53 /* LewPopupBackgroundView.m */,
				2C08A85B1BB939A80077FE53 /* LewPopupViewAnimationDrop.h */,
				2C08A85C1BB939A80077FE53 /* LewPopupViewAnimationDrop.m */,
				2C08A85D1BB939A80077FE53 /* LewPopupViewAnimationFade.h */,
				2C08A85E1BB939A80077FE53 /* LewPopupViewAnimationFade.m */,
				2C08A85F1BB939A80077FE53 /* LewPopupViewAnimationSlide.h */,
				2C08A8601BB939A80077FE53 /* LewPopupViewAnimationSlide.m */,
				2C08A8611BB939A80077FE53 /* LewPopupViewAnimationSpring.h */,
				2C08A8621BB939A80077FE53 /* LewPopupViewAnimationSpring.m */,
				2C08A8631BB939A80077FE53 /* LewPopupViewController.h */,
				2C08A8641BB939A80077FE53 /* UIViewController+LewPopupViewController.h */,
				2C08A8651BB939A80077FE53 /* UIViewController+LewPopupViewController.m */,
			);
			path = LewPopupViewController;
			sourceTree = "<group>";
		};
		2C3A83B71BB8C85D00A335B5 /* StackView */ = {
			isa = PBXGroup;
			children = (
				2C3A83B81BB8C88400A335B5 /* StackViewVCTL.h */,
				2C3A83B91BB8C88400A335B5 /* StackViewVCTL.m */,
				2C3A83BA1BB8C88400A335B5 /* StackViewVCTL.xib */,
			);
			path = StackView;
			sourceTree = "<group>";
		};
		2C3A83BD1BB8CB2000A335B5 /* sgs */ = {
			isa = PBXGroup;
			children = (
				2C3A83BE1BB8CB2000A335B5 /* sgs1.jpg */,
				2C3A83BF1BB8CB2000A335B5 /* sgs2.jpg */,
				2C3A83C01BB8CB2000A335B5 /* sgs3.jpg */,
				2C3A83C11BB8CB2000A335B5 /* sgs4.jpg */,
			);
			path = sgs;
			sourceTree = "<group>";
		};
		2C3A83D21BB8EA3D00A335B5 /* MGSwipeCell */ = {
			isa = PBXGroup;
			children = (
				2C3A83D31BB8EA4C00A335B5 /* MGSwipeCellVCTL.h */,
				2C3A83D41BB8EA4C00A335B5 /* MGSwipeCellVCTL.m */,
				2C3A83D51BB8EA4C00A335B5 /* MGSwipeCellVCTL.xib */,
				2C3A83E81BB8EAED00A335B5 /* MyMGCell.h */,
				2C3A83E91BB8EAED00A335B5 /* MyMGCell.m */,
			);
			path = MGSwipeCell;
			sourceTree = "<group>";
		};
		2C3A83E01BB8EA8700A335B5 /* vendor */ = {
			isa = PBXGroup;
			children = (
				2CCB289F1BCB4921005E9B85 /* DraggableCollectionView */,
				2CE329BE1BBA369E008259DD /* textField_shake */,
				2C08A8581BB939A80077FE53 /* LewPopupViewController */,
				2C3A83E11BB8EA8700A335B5 /* MGSwipeTableCell */,
			);
			path = vendor;
			sourceTree = "<group>";
		};
		2C3A83E11BB8EA8700A335B5 /* MGSwipeTableCell */ = {
			isa = PBXGroup;
			children = (
				2C3A83E21BB8EA8700A335B5 /* MGSwipeButton.h */,
				2C3A83E31BB8EA8700A335B5 /* MGSwipeButton.m */,
				2C3A83E41BB8EA8700A335B5 /* MGSwipeTableCell.h */,
				2C3A83E51BB8EA8700A335B5 /* MGSwipeTableCell.m */,
			);
			path = MGSwipeTableCell;
			sourceTree = "<group>";
		};
		2C65D7311BB3A31200D22F29 /* mathProblem1 */ = {
			isa = PBXGroup;
			children = (
				2C65D7321BB3A32300D22F29 /* MathProblem1VCTL.h */,
				2C65D7331BB3A32300D22F29 /* MathProblem1VCTL.m */,
				2C65D7341BB3A32300D22F29 /* MathProblem1VCTL.xib */,
			);
			path = mathProblem1;
			sourceTree = "<group>";
		};
		2C65D7371BB3A35D00D22F29 /* resource */ = {
			isa = PBXGroup;
			children = (
				2C3A83BD1BB8CB2000A335B5 /* sgs */,
				2C65D73F1BB3A38500D22F29 /* mathProblem */,
				2C65D7381BB3A35D00D22F29 /* icon */,
			);
			path = resource;
			sourceTree = "<group>";
		};
		2C65D7381BB3A35D00D22F29 /* icon */ = {
			isa = PBXGroup;
			children = (
				2C65D7391BB3A35D00D22F29 /* icon0副本 2.png */,
				2C65D73A1BB3A35D00D22F29 /* icon29.png */,
				2C65D73B1BB3A35D00D22F29 /* icon58.png */,
			);
			path = icon;
			sourceTree = "<group>";
		};
		2C65D73F1BB3A38500D22F29 /* mathProblem */ = {
			isa = PBXGroup;
			children = (
				2C65D7401BB3A38500D22F29 /* mp1.jpg */,
			);
			path = mathProblem;
			sourceTree = "<group>";
		};
		2C8BAB501BC7BEA7000FD2DF /* 3DTouch */ = {
			isa = PBXGroup;
			children = (
				2C8BAB561BC7C00A000FD2DF /* Touch3DVCTL.h */,
				2C8BAB571BC7C00A000FD2DF /* Touch3DVCTL.m */,
				2C8BAB581BC7C00A000FD2DF /* Touch3DVCTL.xib */,
				2C8BAB5B1BC7CF45000FD2DF /* Touch3D1VCTL.h */,
				2C8BAB5C1BC7CF45000FD2DF /* Touch3D1VCTL.m */,
				2C8BAB5D1BC7CF45000FD2DF /* Touch3D1VCTL.xib */,
				2C8BAB621BC7DF90000FD2DF /* Touch3d1DetailVCTL.h */,
				2C8BAB631BC7DF90000FD2DF /* Touch3d1DetailVCTL.m */,
				2C8BAB641BC7DF90000FD2DF /* Touch3d1DetailVCTL.xib */,
			);
			path = 3DTouch;
			sourceTree = "<group>";
		};
		2CA1127E1BB29E4A00406685 = {
			isa = PBXGroup;
			children = (
				2CCB28B51BCB4F58005E9B85 /* QuartzCore.framework */,
				2C8BAB601BC7D593000FD2DF /* AudioToolbox.framework */,
				2CA112891BB29E4A00406685 /* testCaseXcode7iOS9 */,
				2CA112881BB29E4A00406685 /* Products */,
			);
			sourceTree = "<group>";
		};
		2CA112881BB29E4A00406685 /* Products */ = {
			isa = PBXGroup;
			children = (
				2CA112871BB29E4A00406685 /* testCaseXcode7iOS9.app */,
			);
			name = Products;
			sourceTree = "<group>";
		};
		2CA112891BB29E4A00406685 /* testCaseXcode7iOS9 */ = {
			isa = PBXGroup;
			children = (
				2CA112A11BB29EAA00406685 /* sylar */,
				2CA1128D1BB29E4A00406685 /* AppDelegate.h */,
				2CA1128E1BB29E4A00406685 /* AppDelegate.m */,
				2CA112901BB29E4A00406685 /* ViewController.h */,
				2CA112911BB29E4A00406685 /* ViewController.m */,
				2CA112931BB29E4A00406685 /* Main.storyboard */,
				2CA112961BB29E4A00406685 /* Assets.xcassets */,
				2CA112981BB29E4A00406685 /* LaunchScreen.storyboard */,
				2CA1129B1BB29E4A00406685 /* Info.plist */,
				2CA1128A1BB29E4A00406685 /* Supporting Files */,
			);
			path = testCaseXcode7iOS9;
			sourceTree = "<group>";
		};
		2CA1128A1BB29E4A00406685 /* Supporting Files */ = {
			isa = PBXGroup;
			children = (
				2CCB28B01BCB49EB005E9B85 /* testCaseIOS9.pch */,
				2CA1128B1BB29E4A00406685 /* main.m */,
			);
			name = "Supporting Files";
			sourceTree = "<group>";
		};
		2CA112A11BB29EAA00406685 /* sylar */ = {
			isa = PBXGroup;
			children = (
				2CADEA361BB537E0009BBD28 /* helper */,
				2CA112A21BB29EAA00406685 /* section */,
				2C3A83E01BB8EA8700A335B5 /* vendor */,
				2C65D7371BB3A35D00D22F29 /* resource */,
			);
			path = sylar;
			sourceTree = "<group>";
		};
		2CA112A21BB29EAA00406685 /* section */ = {
			isa = PBXGroup;
			children = (
				2CA112A31BB29EAA00406685 /* basic */,
				2CA112A81BB29EAA00406685 /* home */,
				2CA112AF1BB29EAA00406685 /* viewController */,
			);
			path = section;
			sourceTree = "<group>";
		};
		2CA112A31BB29EAA00406685 /* basic */ = {
			isa = PBXGroup;
			children = (
				2CA112A41BB29EAA00406685 /* BasicTableViewCell.h */,
				2CA112A51BB29EAA00406685 /* BasicTableViewCell.m */,
				2CA112A61BB29EAA00406685 /* BasicVCTL.h */,
				2CA112A71BB29EAA00406685 /* BasicVCTL.m */,
				2CCB289C1BCB45E1005E9B85 /* BasicCollectionViewCell.h */,
				2CCB289D1BCB45E1005E9B85 /* BasicCollectionViewCell.m */,
			);
			path = basic;
			sourceTree = "<group>";
		};
		2CA112A81BB29EAA00406685 /* home */ = {
			isa = PBXGroup;
			children = (
				2CA112AC1BB29EAA00406685 /* HomeVCTL.h */,
				2CA112AD1BB29EAA00406685 /* HomeVCTL.m */,
				2CA112AE1BB29EAA00406685 /* HomeVCTL.xib */,
				2CA112A91BB29EAA00406685 /* HomeTableViewCell.h */,
				2CA112AA1BB29EAA00406685 /* HomeTableViewCell.m */,
				2CA112AB1BB29EAA00406685 /* HomeTableViewCell.xib */,
			);
			path = home;
			sourceTree = "<group>";
		};
		2CA112AF1BB29EAA00406685 /* viewController */ = {
			isa = PBXGroup;
			children = (
				2CCB28911BCB440F005E9B85 /* dragCollectionView */,
				2C8BAB501BC7BEA7000FD2DF /* 3DTouch */,
				2CE092F61BC63FD400027EED /* stringArrayFunction */,
				2CE092ED1BC6377500027EED /* postNotification */,
				2CE329B81BBA35EE008259DD /* shakeTextField */,
				2C08A8311BB931A80077FE53 /* LewPopupViewcontroller */,
				2C3A83D21BB8EA3D00A335B5 /* MGSwipeCell */,
				2C3A83B71BB8C85D00A335B5 /* StackView */,
				2CADEA281BB534F5009BBD28 /* statusBar */,
				2C65D7311BB3A31200D22F29 /* mathProblem1 */,
				2CA112B01BB29EAA00406685 /* constrains */,
				2CA112B41BB29EAA00406685 /* navibarHeight */,
				2CA112B71BB29EAA00406685 /* testXib */,
				2CA112BE1BB29EAA00406685 /* timer */,
			);
			path = viewController;
			sourceTree = "<group>";
		};
		2CA112B01BB29EAA00406685 /* constrains */ = {
			isa = PBXGroup;
			children = (
				2CA112B11BB29EAA00406685 /* ConstrainVCTL.h */,
				2CA112B21BB29EAA00406685 /* ConstrainVCTL.m */,
				2CA112B31BB29EAA00406685 /* ConstrainVCTL.xib */,
			);
			path = constrains;
			sourceTree = "<group>";
		};
		2CA112B41BB29EAA00406685 /* navibarHeight */ = {
			isa = PBXGroup;
			children = (
				2CA112B51BB29EAA00406685 /* NaviBarVCTL.h */,
				2CA112B61BB29EAA00406685 /* NaviBarVCTL.m */,
			);
			path = navibarHeight;
			sourceTree = "<group>";
		};
		2CA112B71BB29EAA00406685 /* testXib */ = {
			isa = PBXGroup;
			children = (
				2CA112B81BB29EAA00406685 /* testXibVCTL.h */,
				2CA112B91BB29EAA00406685 /* testXibVCTL.m */,
				2CA112BA1BB29EAA00406685 /* testXibVCTL.xib */,
				2CA112BB1BB29EAA00406685 /* X1.h */,
				2CA112BC1BB29EAA00406685 /* X1.m */,
				2CA112BD1BB29EAA00406685 /* X1.xib */,
			);
			path = testXib;
			sourceTree = "<group>";
		};
		2CA112BE1BB29EAA00406685 /* timer */ = {
			isa = PBXGroup;
			children = (
				2CA112BF1BB29EAA00406685 /* TimerVCTL.h */,
				2CA112C01BB29EAA00406685 /* TimerVCTL.m */,
				2CA112C11BB29EAA00406685 /* TimerVCTL.xib */,
			);
			path = timer;
			sourceTree = "<group>";
		};
		2CADEA281BB534F5009BBD28 /* statusBar */ = {
			isa = PBXGroup;
			children = (
				2CADEA291BB5364B009BBD28 /* StatusBarVCTL.h */,
				2CADEA2A1BB5364B009BBD28 /* StatusBarVCTL.m */,
				2CADEA2B1BB5364B009BBD28 /* StatusBarVCTL.xib */,
				2CADEA2E1BB536BB009BBD28 /* StatusBarTableViewCell.h */,
				2CADEA2F1BB536BB009BBD28 /* StatusBarTableViewCell.m */,
				2CADEA301BB536BB009BBD28 /* StatusBarTableViewCell.xib */,
			);
			path = statusBar;
			sourceTree = "<group>";
		};
		2CADEA361BB537E0009BBD28 /* helper */ = {
			isa = PBXGroup;
			children = (
				2CADEA371BB537E0009BBD28 /* Helper.h */,
				2CADEA381BB537E0009BBD28 /* Helper.m */,
			);
			path = helper;
			sourceTree = "<group>";
		};
		2CCB28911BCB440F005E9B85 /* dragCollectionView */ = {
			isa = PBXGroup;
			children = (
				2CCB28921BCB4421005E9B85 /* DragCollectionView.h */,
				2CCB28931BCB4421005E9B85 /* DragCollectionView.m */,
				2CCB28941BCB4421005E9B85 /* DragCollectionView.xib */,
				2CCB28971BCB4575005E9B85 /* DragCollectionCell.h */,
				2CCB28981BCB4575005E9B85 /* DragCollectionCell.m */,
				2CCB28991BCB4575005E9B85 /* DragCollectionCell.xib */,
			);
			path = dragCollectionView;
			sourceTree = "<group>";
		};
		2CCB289F1BCB4921005E9B85 /* DraggableCollectionView */ = {
			isa = PBXGroup;
			children = (
				2CCB28A01BCB4921005E9B85 /* Helpers */,
				2CCB28A51BCB4921005E9B85 /* Layout */,
				2CCB28A81BCB4921005E9B85 /* UICollectionView+Draggable.h */,
				2CCB28A91BCB4921005E9B85 /* UICollectionView+Draggable.m */,
				2CCB28AA1BCB4921005E9B85 /* UICollectionViewDataSource_Draggable.h */,
				2CCB28AB1BCB4921005E9B85 /* UICollectionViewLayout_Warpable.h */,
			);
			path = DraggableCollectionView;
			sourceTree = "<group>";
		};
		2CCB28A01BCB4921005E9B85 /* Helpers */ = {
			isa = PBXGroup;
			children = (
				2CCB28A11BCB4921005E9B85 /* LSCollectionViewHelper.h */,
				2CCB28A21BCB4921005E9B85 /* LSCollectionViewHelper.m */,
				2CCB28A31BCB4921005E9B85 /* LSCollectionViewLayoutHelper.h */,
				2CCB28A41BCB4921005E9B85 /* LSCollectionViewLayoutHelper.m */,
			);
			path = Helpers;
			sourceTree = "<group>";
		};
		2CCB28A51BCB4921005E9B85 /* Layout */ = {
			isa = PBXGroup;
			children = (
				2CCB28A61BCB4921005E9B85 /* DraggableCollectionViewFlowLayout.h */,
				2CCB28A71BCB4921005E9B85 /* DraggableCollectionViewFlowLayout.m */,
			);
			path = Layout;
			sourceTree = "<group>";
		};
		2CE092ED1BC6377500027EED /* postNotification */ = {
			isa = PBXGroup;
			children = (
				2CE092EE1BC6378E00027EED /* PostNotificationVCTL.h */,
				2CE092EF1BC6378E00027EED /* PostNotificationVCTL.m */,
				2CE092F01BC6378E00027EED /* PostNotificationVCTL.xib */,
				2CE092F31BC63BB500027EED /* PostModel.h */,
				2CE092F41BC63BB500027EED /* PostModel.m */,
			);
			path = postNotification;
			sourceTree = "<group>";
		};
		2CE092F61BC63FD400027EED /* stringArrayFunction */ = {
			isa = PBXGroup;
			children = (
				2CE092F71BC63FE500027EED /* StringArrayVCTL.h */,
				2CE092F81BC63FE500027EED /* StringArrayVCTL.m */,
				2CE092F91BC63FE500027EED /* StringArrayVCTL.xib */,
			);
			path = stringArrayFunction;
			sourceTree = "<group>";
		};
		2CE329B81BBA35EE008259DD /* shakeTextField */ = {
			isa = PBXGroup;
			children = (
				2CE329B91BBA3602008259DD /* ShakeTextFieldVCTL.h */,
				2CE329BA1BBA3602008259DD /* ShakeTextFieldVCTL.m */,
				2CE329BB1BBA3602008259DD /* ShakeTextFieldVCTL.xib */,
			);
			path = shakeTextField;
			sourceTree = "<group>";
		};
		2CE329BE1BBA369E008259DD /* textField_shake */ = {
			isa = PBXGroup;
			children = (
				2CE329BF1BBA369E008259DD /* UITextField+Shake.h */,
				2CE329C01BBA369E008259DD /* UITextField+Shake.m */,
			);
			path = textField_shake;
			sourceTree = "<group>";
		};
/* End PBXGroup section */

/* Begin PBXNativeTarget section */
		2CA112861BB29E4A00406685 /* testCaseXcode7iOS9 */ = {
			isa = PBXNativeTarget;
			buildConfigurationList = 2CA1129E1BB29E4A00406685 /* Build configuration list for PBXNativeTarget "testCaseXcode7iOS9" */;
			buildPhases = (
				2CA112831BB29E4A00406685 /* Sources */,
				2CA112841BB29E4A00406685 /* Frameworks */,
				2CA112851BB29E4A00406685 /* Resources */,
			);
			buildRules = (
			);
			dependencies = (
			);
			name = testCaseXcode7iOS9;
			productName = testCaseXcode7iOS9;
			productReference = 2CA112871BB29E4A00406685 /* testCaseXcode7iOS9.app */;
			productType = "com.apple.product-type.application";
		};
/* End PBXNativeTarget section */

/* Begin PBXProject section */
		2CA1127F1BB29E4A00406685 /* Project object */ = {
			isa = PBXProject;
			attributes = {
				LastUpgradeCheck = 0700;
				ORGANIZATIONNAME = sylar;
				TargetAttributes = {
					2CA112861BB29E4A00406685 = {
						CreatedOnToolsVersion = 7.0;
						DevelopmentTeam = KDQ72H3LGF;
					};
				};
			};
			buildConfigurationList = 2CA112821BB29E4A00406685 /* Build configuration list for PBXProject "testCaseXcode7iOS9" */;
			compatibilityVersion = "Xcode 3.2";
			developmentRegion = English;
			hasScannedForEncodings = 0;
			knownRegions = (
				en,
				Base,
			);
			mainGroup = 2CA1127E1BB29E4A00406685;
			productRefGroup = 2CA112881BB29E4A00406685 /* Products */;
			projectDirPath = "";
			projectRoot = "";
			targets = (
				2CA112861BB29E4A00406685 /* testCaseXcode7iOS9 */,
			);
		};
/* End PBXProject section */

/* Begin PBXResourcesBuildPhase section */
		2CA112851BB29E4A00406685 /* Resources */ = {
			isa = PBXResourcesBuildPhase;
			buildActionMask = 2147483647;
			files = (
				2C8BAB661BC7DF90000FD2DF /* Touch3d1DetailVCTL.xib in Resources */,
				2C65D73C1BB3A35D00D22F29 /* icon0副本 2.png in Resources */,
				2C08A8361BB931B60077FE53 /* LewPopupVCTL.xib in Resources */,
				2CA112CE1BB29EAA00406685 /* X1.xib in Resources */,
				2C8BAB5F1BC7CF45000FD2DF /* Touch3D1VCTL.xib in Resources */,
				2C8BAB5A1BC7C00A000FD2DF /* Touch3DVCTL.xib in Resources */,
				2C3A83BC1BB8C88400A335B5 /* StackViewVCTL.xib in Resources */,
				2C65D73E1BB3A35D00D22F29 /* icon58.png in Resources */,
				2CA1129A1BB29E4A00406685 /* LaunchScreen.storyboard in Resources */,
				2CA112971BB29E4A00406685 /* Assets.xcassets in Resources */,
				2CA112C51BB29EAA00406685 /* HomeTableViewCell.xib in Resources */,
				2C3A83C31BB8CB2000A335B5 /* sgs2.jpg in Resources */,
				2CE092FB1BC63FE500027EED /* StringArrayVCTL.xib in Resources */,
				2CCB28961BCB4421005E9B85 /* DragCollectionView.xib in Resources */,
				2C65D7411BB3A38500D22F29 /* mp1.jpg in Resources */,
				2C08A83E1BB933590077FE53 /* LewView2.xib in Resources */,
				2CADEA321BB536BB009BBD28 /* StatusBarTableViewCell.xib in Resources */,
				2CCB289B1BCB4575005E9B85 /* DragCollectionCell.xib in Resources */,
				2C65D73D1BB3A35D00D22F29 /* icon29.png in Resources */,
				2CE092F21BC6378E00027EED /* PostNotificationVCTL.xib in Resources */,
				2C3A83C41BB8CB2000A335B5 /* sgs3.jpg in Resources */,
				2CA112CC1BB29EAA00406685 /* testXibVCTL.xib in Resources */,
				2C3A83D71BB8EA4C00A335B5 /* MGSwipeCellVCTL.xib in Resources */,
				2CE329BD1BBA3602008259DD /* ShakeTextFieldVCTL.xib in Resources */,
				2C3A83C51BB8CB2000A335B5 /* sgs4.jpg in Resources */,
				2CA112951BB29E4A00406685 /* Main.storyboard in Resources */,
				2CA112C91BB29EAA00406685 /* ConstrainVCTL.xib in Resources */,
				2C3A83C21BB8CB2000A335B5 /* sgs1.jpg in Resources */,
				2CADEA2D1BB5364B009BBD28 /* StatusBarVCTL.xib in Resources */,
				2CA112D01BB29EAA00406685 /* TimerVCTL.xib in Resources */,
				2C65D7361BB3A32400D22F29 /* MathProblem1VCTL.xib in Resources */,
				2CA112C71BB29EAA00406685 /* HomeVCTL.xib in Resources */,
			);
			runOnlyForDeploymentPostprocessing = 0;
		};
/* End PBXResourcesBuildPhase section */

/* Begin PBXSourcesBuildPhase section */
		2CA112831BB29E4A00406685 /* Sources */ = {
			isa = PBXSourcesBuildPhase;
			buildActionMask = 2147483647;
			files = (
				2C3A83BB1BB8C88400A335B5 /* StackViewVCTL.m in Sources */,
				2C08A8661BB939A80077FE53 /* LewPopupBackgroundView.m in Sources */,
				2CA112CF1BB29EAA00406685 /* TimerVCTL.m in Sources */,
				2CADEA311BB536BB009BBD28 /* StatusBarTableViewCell.m in Sources */,
				2C08A8391BB931C60077FE53 /* LewView1.m in Sources */,
				2CCB28AC1BCB4921005E9B85 /* LSCollectionViewHelper.m in Sources */,
				2C65D7351BB3A32400D22F29 /* MathProblem1VCTL.m in Sources */,
				2C8BAB651BC7DF90000FD2DF /* Touch3d1DetailVCTL.m in Sources */,
				2CADEA391BB537E0009BBD28 /* Helper.m in Sources */,
				2C08A86A1BB939A80077FE53 /* LewPopupViewAnimationSpring.m in Sources */,
				2CE092F11BC6378E00027EED /* PostNotificationVCTL.m in Sources */,
				2C08A8681BB939A80077FE53 /* LewPopupViewAnimationFade.m in Sources */,
				2CA112CA1BB29EAA00406685 /* NaviBarVCTL.m in Sources */,
				2C8BAB591BC7C00A000FD2DF /* Touch3DVCTL.m in Sources */,
				2CA112C21BB29EAA00406685 /* BasicTableViewCell.m in Sources */,
				2CA112C31BB29EAA00406685 /* BasicVCTL.m in Sources */,
				2CE092F51BC63BB500027EED /* PostModel.m in Sources */,
				2CE329C11BBA369E008259DD /* UITextField+Shake.m in Sources */,
				2CCB289A1BCB4575005E9B85 /* DragCollectionCell.m in Sources */,
				2CA112CD1BB29EAA00406685 /* X1.m in Sources */,
				2CCB28951BCB4421005E9B85 /* DragCollectionView.m in Sources */,
				2C3A83E71BB8EA8700A335B5 /* MGSwipeTableCell.m in Sources */,
				2C3A83EA1BB8EAED00A335B5 /* MyMGCell.m in Sources */,
				2C3A83E61BB8EA8700A335B5 /* MGSwipeButton.m in Sources */,
				2CCB28AD1BCB4921005E9B85 /* LSCollectionViewLayoutHelper.m in Sources */,
				2C08A8691BB939A80077FE53 /* LewPopupViewAnimationSlide.m in Sources */,
				2CE329BC1BBA3602008259DD /* ShakeTextFieldVCTL.m in Sources */,
				2CA112C41BB29EAA00406685 /* HomeTableViewCell.m in Sources */,
				2CCB28AE1BCB4921005E9B85 /* DraggableCollectionViewFlowLayout.m in Sources */,
				2CA112C61BB29EAA00406685 /* HomeVCTL.m in Sources */,
				2CCB289E1BCB45E1005E9B85 /* BasicCollectionViewCell.m in Sources */,
				2CCB28AF1BCB4921005E9B85 /* UICollectionView+Draggable.m in Sources */,
				2CA112C81BB29EAA00406685 /* ConstrainVCTL.m in Sources */,
				2CA112CB1BB29EAA00406685 /* testXibVCTL.m in Sources */,
				2C8BAB5E1BC7CF45000FD2DF /* Touch3D1VCTL.m in Sources */,
				2CE092FA1BC63FE500027EED /* StringArrayVCTL.m in Sources */,
				2C08A86B1BB939A80077FE53 /* UIViewController+LewPopupViewController.m in Sources */,
				2C08A8351BB931B60077FE53 /* LewPopupVCTL.m in Sources */,
				2C08A83C1BB933480077FE53 /* LewView2.m in Sources */,
				2C3A83D61BB8EA4C00A335B5 /* MGSwipeCellVCTL.m in Sources */,
				2CA112921BB29E4A00406685 /* ViewController.m in Sources */,
				2C08A8671BB939A80077FE53 /* LewPopupViewAnimationDrop.m in Sources */,
				2CA1128F1BB29E4A00406685 /* AppDelegate.m in Sources */,
				2CADEA2C1BB5364B009BBD28 /* StatusBarVCTL.m in Sources */,
				2CA1128C1BB29E4A00406685 /* main.m in Sources */,
			);
			runOnlyForDeploymentPostprocessing = 0;
		};
/* End PBXSourcesBuildPhase section */

/* Begin PBXVariantGroup section */
		2CA112931BB29E4A00406685 /* Main.storyboard */ = {
			isa = PBXVariantGroup;
			children = (
				2CA112941BB29E4A00406685 /* Base */,
			);
			name = Main.storyboard;
			sourceTree = "<group>";
		};
		2CA112981BB29E4A00406685 /* LaunchScreen.storyboard */ = {
			isa = PBXVariantGroup;
			children = (
				2CA112991BB29E4A00406685 /* Base */,
			);
			name = LaunchScreen.storyboard;
			sourceTree = "<group>";
		};
/* End PBXVariantGroup section */

/* Begin XCBuildConfiguration section */
		2CA1129C1BB29E4A00406685 /* Debug */ = {
			isa = XCBuildConfiguration;
			buildSettings = {
				ALWAYS_SEARCH_USER_PATHS = NO;
				CLANG_CXX_LANGUAGE_STANDARD = "gnu++0x";
				CLANG_CXX_LIBRARY = "libc++";
				CLANG_ENABLE_MODULES = YES;
				CLANG_ENABLE_OBJC_ARC = YES;
				CLANG_WARN_BOOL_CONVERSION = YES;
				CLANG_WARN_CONSTANT_CONVERSION = YES;
				CLANG_WARN_DIRECT_OBJC_ISA_USAGE = YES_ERROR;
				CLANG_WARN_EMPTY_BODY = YES;
				CLANG_WARN_ENUM_CONVERSION = YES;
				CLANG_WARN_INT_CONVERSION = YES;
				CLANG_WARN_OBJC_ROOT_CLASS = YES_ERROR;
				CLANG_WARN_UNREACHABLE_CODE = YES;
				CLANG_WARN__DUPLICATE_METHOD_MATCH = YES;
				"CODE_SIGN_IDENTITY[sdk=iphoneos*]" = "iPhone Developer";
				COPY_PHASE_STRIP = NO;
				DEBUG_INFORMATION_FORMAT = dwarf;
				ENABLE_STRICT_OBJC_MSGSEND = YES;
				ENABLE_TESTABILITY = YES;
				GCC_C_LANGUAGE_STANDARD = gnu99;
				GCC_DYNAMIC_NO_PIC = NO;
				GCC_NO_COMMON_BLOCKS = YES;
				GCC_OPTIMIZATION_LEVEL = 0;
				GCC_PREPROCESSOR_DEFINITIONS = (
					"DEBUG=1",
					"$(inherited)",
				);
				GCC_WARN_64_TO_32_BIT_CONVERSION = YES;
				GCC_WARN_ABOUT_RETURN_TYPE = YES_ERROR;
				GCC_WARN_UNDECLARED_SELECTOR = YES;
				GCC_WARN_UNINITIALIZED_AUTOS = YES_AGGRESSIVE;
				GCC_WARN_UNUSED_FUNCTION = YES;
				GCC_WARN_UNUSED_VARIABLE = YES;
				IPHONEOS_DEPLOYMENT_TARGET = 9.0;
				MTL_ENABLE_DEBUG_INFO = YES;
				ONLY_ACTIVE_ARCH = YES;
				SDKROOT = iphoneos;
				TARGETED_DEVICE_FAMILY = "1,2";
			};
			name = Debug;
		};
		2CA1129D1BB29E4A00406685 /* Release */ = {
			isa = XCBuildConfiguration;
			buildSettings = {
				ALWAYS_SEARCH_USER_PATHS = NO;
				CLANG_CXX_LANGUAGE_STANDARD = "gnu++0x";
				CLANG_CXX_LIBRARY = "libc++";
				CLANG_ENABLE_MODULES = YES;
				CLANG_ENABLE_OBJC_ARC = YES;
				CLANG_WARN_BOOL_CONVERSION = YES;
				CLANG_WARN_CONSTANT_CONVERSION = YES;
				CLANG_WARN_DIRECT_OBJC_ISA_USAGE = YES_ERROR;
				CLANG_WARN_EMPTY_BODY = YES;
				CLANG_WARN_ENUM_CONVERSION = YES;
				CLANG_WARN_INT_CONVERSION = YES;
				CLANG_WARN_OBJC_ROOT_CLASS = YES_ERROR;
				CLANG_WARN_UNREACHABLE_CODE = YES;
				CLANG_WARN__DUPLICATE_METHOD_MATCH = YES;
				"CODE_SIGN_IDENTITY[sdk=iphoneos*]" = "iPhone Developer";
				COPY_PHASE_STRIP = NO;
				DEBUG_INFORMATION_FORMAT = "dwarf-with-dsym";
				ENABLE_NS_ASSERTIONS = NO;
				ENABLE_STRICT_OBJC_MSGSEND = YES;
				GCC_C_LANGUAGE_STANDARD = gnu99;
				GCC_NO_COMMON_BLOCKS = YES;
				GCC_WARN_64_TO_32_BIT_CONVERSION = YES;
				GCC_WARN_ABOUT_RETURN_TYPE = YES_ERROR;
				GCC_WARN_UNDECLARED_SELECTOR = YES;
				GCC_WARN_UNINITIALIZED_AUTOS = YES_AGGRESSIVE;
				GCC_WARN_UNUSED_FUNCTION = YES;
				GCC_WARN_UNUSED_VARIABLE = YES;
				IPHONEOS_DEPLOYMENT_TARGET = 9.0;
				MTL_ENABLE_DEBUG_INFO = NO;
				SDKROOT = iphoneos;
				TARGETED_DEVICE_FAMILY = "1,2";
				VALIDATE_PRODUCT = YES;
			};
			name = Release;
		};
		2CA1129F1BB29E4A00406685 /* Debug */ = {
			isa = XCBuildConfiguration;
			buildSettings = {
				ASSETCATALOG_COMPILER_APPICON_NAME = AppIcon;
				CODE_SIGN_IDENTITY = "iPhone Developer";
				"CODE_SIGN_IDENTITY[sdk=iphoneos*]" = "iPhone Developer";
				GCC_PREFIX_HEADER = testCaseXcode7iOS9/testCaseIOS9.pch;
				INFOPLIST_FILE = testCaseXcode7iOS9/Info.plist;
				LD_RUNPATH_SEARCH_PATHS = "$(inherited) @executable_path/Frameworks";
				PRODUCT_BUNDLE_IDENTIFIER = p1.testCaseXcode7iOS9;
				PRODUCT_NAME = "$(TARGET_NAME)";
				PROVISIONING_PROFILE = "";
			};
			name = Debug;
		};
		2CA112A01BB29E4A00406685 /* Release */ = {
			isa = XCBuildConfiguration;
			buildSettings = {
				ASSETCATALOG_COMPILER_APPICON_NAME = AppIcon;
				CODE_SIGN_IDENTITY = "iPhone Developer";
				"CODE_SIGN_IDENTITY[sdk=iphoneos*]" = "iPhone Developer";
				GCC_PREFIX_HEADER = testCaseXcode7iOS9/testCaseIOS9.pch;
				INFOPLIST_FILE = testCaseXcode7iOS9/Info.plist;
				LD_RUNPATH_SEARCH_PATHS = "$(inherited) @executable_path/Frameworks";
				PRODUCT_BUNDLE_IDENTIFIER = p1.testCaseXcode7iOS9;
				PRODUCT_NAME = "$(TARGET_NAME)";
				PROVISIONING_PROFILE = "";
			};
			name = Release;
		};
/* End XCBuildConfiguration section */

/* Begin XCConfigurationList section */
		2CA112821BB29E4A00406685 /* Build configuration list for PBXProject "testCaseXcode7iOS9" */ = {
			isa = XCConfigurationList;
			buildConfigurations = (
				2CA1129C1BB29E4A00406685 /* Debug */,
				2CA1129D1BB29E4A00406685 /* Release */,
			);
			defaultConfigurationIsVisible = 0;
			defaultConfigurationName = Release;
		};
		2CA1129E1BB29E4A00406685 /* Build configuration list for PBXNativeTarget "testCaseXcode7iOS9" */ = {
			isa = XCConfigurationList;
			buildConfigurations = (
				2CA1129F1BB29E4A00406685 /* Debug */,
				2CA112A01BB29E4A00406685 /* Release */,
			);
			defaultConfigurationIsVisible = 0;
			defaultConfigurationName = Release;
		};
/* End XCConfigurationList section */
	};
	rootObject = 2CA1127F1BB29E4A00406685 /* Project object */;
}
